
Microsoft Visual Studio Solution File, Format Version 12.00
# Visual Studio Version 16
VisualStudioVersion = 16.0.29503.13
MinimumVisualStudioVersion = 10.0.40219.1
Project("{FAE04EC0-301F-11D3-BF4B-00C04F79EFBC}") = "WindowsFormsApp1", "WindowsFormsApp1\WindowsFormsApp1.csproj", "{016D1605-0F3C-4049-8FE0-EBF52928C5D1}"
EndProject
Global
	GlobalSection(SolutionConfigurationPlatforms) = preSolution
		Debug|Any CPU = Debug|Any CPU
		Release|Any CPU = Release|Any CPU
	EndGlobalSection
	GlobalSection(ProjectConfigurationPlatforms) = postSolution
		{016D1605-0F3C-4049-8FE0-EBF52928C5D1}.Debug|Any CPU.ActiveCfg = Debug|Any CPU
		{016D1605-0F3C-4049-8FE0-EBF52928C5D1}.Debug|Any CPU.Build.0 = Debug|Any CPU
		{016D1605-0F3C-4049-8FE0-EBF52928C5D1}.Release|Any CPU.ActiveCfg = Release|Any CPU
		{016D1605-0F3C-4049-8FE0-EBF52928C5D1}.Release|Any CPU.Build.0 = Release|Any CPU
	EndGlobalSection
	GlobalSection(SolutionProperties) = preSolution
		HideSolutionNode = FALSE
	EndGlobalSection
	GlobalSection(ExtensibilityGlobals) = postSolution
		SolutionGuid = {601AD475-285C-460F-A857-6E95CA53996E}
	EndGlobalSection
EndGlobal
